
Microsoft Visual Studio Solution File, Format Version 12.00
# Visual Studio Version 16
VisualStudioVersion = 16.0.29920.165
MinimumVisualStudioVersion = 10.0.40219.1
Project("{FAE04EC0-301F-11D3-BF4B-00C04F79EFBC}") = "Project_MASM++", "Project_MASM++\Project_MASM++.csproj", "{E6E3D788-6801-4D67-81C1-F16CDE4EDBF5}"
EndProject
Global
	GlobalSection(SolutionConfigurationPlatforms) = preSolution
		Debug|Any CPU = Debug|Any CPU
		Release|Any CPU = Release|Any CPU
	EndGlobalSection
	GlobalSection(ProjectConfigurationPlatforms) = postSolution
		{E6E3D788-6801-4D67-81C1-F16CDE4EDBF5}.Debug|Any CPU.ActiveCfg = Debug|Any CPU
		{E6E3D788-6801-4D67-81C1-F16CDE4EDBF5}.Debug|Any CPU.Build.0 = Debug|Any CPU
		{E6E3D788-6801-4D67-81C1-F16CDE4EDBF5}.Release|Any CPU.ActiveCfg = Release|Any CPU
		{E6E3D788-6801-4D67-81C1-F16CDE4EDBF5}.Release|Any CPU.Build.0 = Release|Any CPU
	EndGlobalSection
	GlobalSection(SolutionProperties) = preSolution
		HideSolutionNode = FALSE
	EndGlobalSection
	GlobalSection(ExtensibilityGlobals) = postSolution
		SolutionGuid = {3FFE6C6A-D284-48CC-BAC2-208C7A97B68F}
	EndGlobalSection
EndGlobal
